{
  "requires": true,
  "lockfileVersion": 1,
  "dependencies": {
    "98.css": {
      "version": "0.1.5",
      "resolved": "https://registry.npmjs.org/98.css/-/98.css-0.1.5.tgz",
      "integrity": "sha512-jlzVZKyNHGRURu2zIy/UGKkbFAeQQaGTtMpPoiXt3pLOSBmRde69qNFVUMLXELXXLyLPdXMbQO/VZKvuyxNEeg=="
    }
  }
}
